
Microsoft Visual Studio Solution File, Format Version 12.00
# Visual Studio Version 17
VisualStudioVersion = 17.11.35312.102
MinimumVisualStudioVersion = 10.0.40219.1
Project("{FAE04EC0-301F-11D3-BF4B-00C04F79EFBC}") = "AppListaDeTareasPablo", "AppListaDeTareasPablo\AppListaDeTareasPablo.csproj", "{C135BCDF-E83A-404B-8ACC-9E5AA94D801F}"
EndProject
Global
	GlobalSection(SolutionConfigurationPlatforms) = preSolution
		Debug|Any CPU = Debug|Any CPU
		Release|Any CPU = Release|Any CPU
	EndGlobalSection
	GlobalSection(ProjectConfigurationPlatforms) = postSolution
		{C135BCDF-E83A-404B-8ACC-9E5AA94D801F}.Debug|Any CPU.ActiveCfg = Debug|Any CPU
		{C135BCDF-E83A-404B-8ACC-9E5AA94D801F}.Debug|Any CPU.Build.0 = Debug|Any CPU
		{C135BCDF-E83A-404B-8ACC-9E5AA94D801F}.Debug|Any CPU.Deploy.0 = Debug|Any CPU
		{C135BCDF-E83A-404B-8ACC-9E5AA94D801F}.Release|Any CPU.ActiveCfg = Release|Any CPU
		{C135BCDF-E83A-404B-8ACC-9E5AA94D801F}.Release|Any CPU.Build.0 = Release|Any CPU
		{C135BCDF-E83A-404B-8ACC-9E5AA94D801F}.Release|Any CPU.Deploy.0 = Release|Any CPU
	EndGlobalSection
	GlobalSection(SolutionProperties) = preSolution
		HideSolutionNode = FALSE
	EndGlobalSection
	GlobalSection(ExtensibilityGlobals) = postSolution
		SolutionGuid = {65D6FF51-6207-41FF-95F1-E2E354D942C5}
	EndGlobalSection
EndGlobal
